{
  "name": "---",
  "version": "0.0.0",
  "lockfileVersion": 2,
  "requires": true,
  "packages": {
    "": {
      "name": "---",
      "version": "0.0.0",
      "license": "MIT",
      "dependencies": {
        "pegjs": "~0.7.0"
      }
    },
    "node_modules/pegjs": {
      "version": "0.7.0",
      "resolved": "https://registry.npmjs.org/pegjs/-/pegjs-0.7.0.tgz",
      "integrity": "sha512-LKb5vROzG2N6FVpITS8zy4BSB8M5z8JgiM0LzgvUVRIdScHys8RYlYvHVSL3WeXMLowF9MZj1hPusuVvTgeq4w==",
      "bin": {
        "pegjs": "bin/pegjs"
      },
      "engines": {
        "node": ">= 0.6.6"
      }
    }
  },
  "dependencies": {
    "pegjs": {
      "version": "0.7.0",
      "resolved": "https://registry.npmjs.org/pegjs/-/pegjs-0.7.0.tgz",
      "integrity": "sha512-LKb5vROzG2N6FVpITS8zy4BSB8M5z8JgiM0LzgvUVRIdScHys8RYlYvHVSL3WeXMLowF9MZj1hPusuVvTgeq4w=="
    }
  }
}
